// !$*UTF8*$!
{
	archiveVersion = 1;
	classes = {
	};
	objectVersion = 56;
	objects = {

/* Begin PBXBuildFile section */
		CF006E8C2B19C532006EEC66 /* SwiftUI_30_Days_AppApp.swift in Sources */ = {isa = PBXBuildFile; fileRef = CF006E8B2B19C532006EEC66 /* SwiftUI_30_Days_AppApp.swift */; };
		CF006E8E2B19C532006EEC66 /* ContentView.swift in Sources */ = {isa = PBXBuildFile; fileRef = CF006E8D2B19C532006EEC66 /* ContentView.swift */; };
		CF006E902B19C533006EEC66 /* Assets.xcassets in Resources */ = {isa = PBXBuildFile; fileRef = CF006E8F2B19C533006EEC66 /* Assets.xcassets */; };
		CF006E932B19C533006EEC66 /* Preview Assets.xcassets in Resources */ = {isa = PBXBuildFile; fileRef = CF006E922B19C533006EEC66 /* Preview Assets.xcassets */; };
		CF006E9C2B19CFC3006EEC66 /* BookContent.swift in Sources */ = {isa = PBXBuildFile; fileRef = CF006E9B2B19CFC3006EEC66 /* BookContent.swift */; };
		CF006E9E2B19D007006EEC66 /* BookContentsRepository.swift in Sources */ = {isa = PBXBuildFile; fileRef = CF006E9D2B19D007006EEC66 /* BookContentsRepository.swift */; };
		CFC4A5192B1C17E90092E2D9 /* Colors.xcassets in Resources */ = {isa = PBXBuildFile; fileRef = CFC4A5182B1C17E90092E2D9 /* Colors.xcassets */; };
		CFC4A51E2B1C1A810092E2D9 /* Colors.swift in Sources */ = {isa = PBXBuildFile; fileRef = CFC4A51D2B1C1A810092E2D9 /* Colors.swift */; };
		CFD5706C2B1B470B00534B8A /* BookContentScreen.swift in Sources */ = {isa = PBXBuildFile; fileRef = CFD5706B2B1B470B00534B8A /* BookContentScreen.swift */; };
		CFD5706F2B1B505900534B8A /* EastSeaDokdo-Regular.ttf in Resources */ = {isa = PBXBuildFile; fileRef = CFD5706E2B1B505900534B8A /* EastSeaDokdo-Regular.ttf */; };
		CFD570712B1B506700534B8A /* NanumGothic-Regular.ttf in Resources */ = {isa = PBXBuildFile; fileRef = CFD570702B1B506700534B8A /* NanumGothic-Regular.ttf */; };
/* End PBXBuildFile section */

/* Begin PBXFileReference section */
		CF006E882B19C532006EEC66 /* SwiftUI-30-Days-App.app */ = {isa = PBXFileReference; explicitFileType = wrapper.application; includeInIndex = 0; path = "SwiftUI-30-Days-App.app"; sourceTree = BUILT_PRODUCTS_DIR; };
		CF006E8B2B19C532006EEC66 /* SwiftUI_30_Days_AppApp.swift */ = {isa = PBXFileReference; lastKnownFileType = sourcecode.swift; path = SwiftUI_30_Days_AppApp.swift; sourceTree = "<group>"; };
		CF006E8D2B19C532006EEC66 /* ContentView.swift */ = {isa = PBXFileReference; lastKnownFileType = sourcecode.swift; path = ContentView.swift; sourceTree = "<group>"; };
		CF006E8F2B19C533006EEC66 /* Assets.xcassets */ = {isa = PBXFileReference; lastKnownFileType = folder.assetcatalog; path = Assets.xcassets; sourceTree = "<group>"; };
		CF006E922B19C533006EEC66 /* Preview Assets.xcassets */ = {isa = PBXFileReference; lastKnownFileType = folder.assetcatalog; path = "Preview Assets.xcassets"; sourceTree = "<group>"; };
		CF006E9B2B19CFC3006EEC66 /* BookContent.swift */ = {isa = PBXFileReference; lastKnownFileType = sourcecode.swift; path = BookContent.swift; sourceTree = "<group>"; };
		CF006E9D2B19D007006EEC66 /* BookContentsRepository.swift */ = {isa = PBXFileReference; lastKnownFileType = sourcecode.swift; path = BookContentsRepository.swift; sourceTree = "<group>"; };
		CFC4A5182B1C17E90092E2D9 /* Colors.xcassets */ = {isa = PBXFileReference; lastKnownFileType = folder.assetcatalog; path = Colors.xcassets; sourceTree = "<group>"; };
		CFC4A51D2B1C1A810092E2D9 /* Colors.swift */ = {isa = PBXFileReference; lastKnownFileType = sourcecode.swift; path = Colors.swift; sourceTree = "<group>"; };
		CFD5706B2B1B470B00534B8A /* BookContentScreen.swift */ = {isa = PBXFileReference; lastKnownFileType = sourcecode.swift; path = BookContentScreen.swift; sourceTree = "<group>"; };
		CFD5706E2B1B505900534B8A /* EastSeaDokdo-Regular.ttf */ = {isa = PBXFileReference; lastKnownFileType = file; path = "EastSeaDokdo-Regular.ttf"; sourceTree = "<group>"; };
		CFD570702B1B506700534B8A /* NanumGothic-Regular.ttf */ = {isa = PBXFileReference; lastKnownFileType = file; path = "NanumGothic-Regular.ttf"; sourceTree = "<group>"; };
		CFD570722B1B508A00534B8A /* Info.plist */ = {isa = PBXFileReference; lastKnownFileType = text.plist; path = Info.plist; sourceTree = "<group>"; };
/* End PBXFileReference section */

/* Begin PBXFrameworksBuildPhase section */
		CF006E852B19C532006EEC66 /* Frameworks */ = {
			isa = PBXFrameworksBuildPhase;
			buildActionMask = 2147483647;
			files = (
			);
			runOnlyForDeploymentPostprocessing = 0;
		};
/* End PBXFrameworksBuildPhase section */

/* Begin PBXGroup section */
		CF006E7F2B19C532006EEC66 = {
			isa = PBXGroup;
			children = (
				CF006E8A2B19C532006EEC66 /* SwiftUI-30-Days-App */,
				CF006E892B19C532006EEC66 /* Products */,
			);
			sourceTree = "<group>";
		};
		CF006E892B19C532006EEC66 /* Products */ = {
			isa = PBXGroup;
			children = (
				CF006E882B19C532006EEC66 /* SwiftUI-30-Days-App.app */,
			);
			name = Products;
			sourceTree = "<group>";
		};
		CF006E8A2B19C532006EEC66 /* SwiftUI-30-Days-App */ = {
			isa = PBXGroup;
			children = (
				CFD570722B1B508A00534B8A /* Info.plist */,
				CFD5706D2B1B4E3100534B8A /* Fonts */,
				CF006E9A2B19C544006EEC66 /* Data */,
				CF006E992B19C540006EEC66 /* Model */,
				CF006E8B2B19C532006EEC66 /* SwiftUI_30_Days_AppApp.swift */,
				CF006E8D2B19C532006EEC66 /* ContentView.swift */,
				CFD5706B2B1B470B00534B8A /* BookContentScreen.swift */,
				CFC4A5172B1C17C20092E2D9 /* Assets */,
				CFC4A51C2B1C1A5A0092E2D9 /* Supporting Files */,
				CF006E912B19C533006EEC66 /* Preview Content */,
			);
			path = "SwiftUI-30-Days-App";
			sourceTree = "<group>";
		};
		CF006E912B19C533006EEC66 /* Preview Content */ = {
			isa = PBXGroup;
			children = (
				CF006E922B19C533006EEC66 /* Preview Assets.xcassets */,
			);
			path = "Preview Content";
			sourceTree = "<group>";
		};
		CF006E992B19C540006EEC66 /* Model */ = {
			isa = PBXGroup;
			children = (
				CF006E9D2B19D007006EEC66 /* BookContentsRepository.swift */,
			);
			path = Model;
			sourceTree = "<group>";
		};
		CF006E9A2B19C544006EEC66 /* Data */ = {
			isa = PBXGroup;
			children = (
				CF006E9B2B19CFC3006EEC66 /* BookContent.swift */,
			);
			path = Data;
			sourceTree = "<group>";
		};
		CFC4A5172B1C17C20092E2D9 /* Assets */ = {
			isa = PBXGroup;
			children = (
				CF006E8F2B19C533006EEC66 /* Assets.xcassets */,
				CFC4A5182B1C17E90092E2D9 /* Colors.xcassets */,
			);
			path = Assets;
			sourceTree = "<group>";
		};
		CFC4A51C2B1C1A5A0092E2D9 /* Supporting Files */ = {
			isa = PBXGroup;
			children = (
				CFC4A51D2B1C1A810092E2D9 /* Colors.swift */,
			);
			path = "Supporting Files";
			sourceTree = "<group>";
		};
		CFD5706D2B1B4E3100534B8A /* Fonts */ = {
			isa = PBXGroup;
			children = (
				CFD5706E2B1B505900534B8A /* EastSeaDokdo-Regular.ttf */,
				CFD570702B1B506700534B8A /* NanumGothic-Regular.ttf */,
			);
			path = Fonts;
			sourceTree = "<group>";
		};
/* End PBXGroup section */

/* Begin PBXNativeTarget section */
		CF006E872B19C532006EEC66 /* SwiftUI-30-Days-App */ = {
			isa = PBXNativeTarget;
			buildConfigurationList = CF006E962B19C533006EEC66 /* Build configuration list for PBXNativeTarget "SwiftUI-30-Days-App" */;
			buildPhases = (
				CF006E842B19C532006EEC66 /* Sources */,
				CF006E852B19C532006EEC66 /* Frameworks */,
				CF006E862B19C532006EEC66 /* Resources */,
			);
			buildRules = (
			);
			dependencies = (
			);
			name = "SwiftUI-30-Days-App";
			productName = "SwiftUI-30-Days-App";
			productReference = CF006E882B19C532006EEC66 /* SwiftUI-30-Days-App.app */;
			productType = "com.apple.product-type.application";
		};
/* End PBXNativeTarget section */

/* Begin PBXProject section */
		CF006E802B19C532006EEC66 /* Project object */ = {
			isa = PBXProject;
			attributes = {
				BuildIndependentTargetsInParallel = 1;
				LastSwiftUpdateCheck = 1500;
				LastUpgradeCheck = 1500;
				TargetAttributes = {
					CF006E872B19C532006EEC66 = {
						CreatedOnToolsVersion = 15.0.1;
					};
				};
			};
			buildConfigurationList = CF006E832B19C532006EEC66 /* Build configuration list for PBXProject "SwiftUI-30-Days-App" */;
			compatibilityVersion = "Xcode 14.0";
			developmentRegion = en;
			hasScannedForEncodings = 0;
			knownRegions = (
				en,
				Base,
			);
			mainGroup = CF006E7F2B19C532006EEC66;
			productRefGroup = CF006E892B19C532006EEC66 /* Products */;
			projectDirPath = "";
			projectRoot = "";
			targets = (
				CF006E872B19C532006EEC66 /* SwiftUI-30-Days-App */,
			);
		};
/* End PBXProject section */

/* Begin PBXResourcesBuildPhase section */
		CF006E862B19C532006EEC66 /* Resources */ = {
			isa = PBXResourcesBuildPhase;
			buildActionMask = 2147483647;
			files = (
				CFC4A5192B1C17E90092E2D9 /* Colors.xcassets in Resources */,
				CF006E932B19C533006EEC66 /* Preview Assets.xcassets in Resources */,
				CFD5706F2B1B505900534B8A /* EastSeaDokdo-Regular.ttf in Resources */,
				CF006E902B19C533006EEC66 /* Assets.xcassets in Resources */,
				CFD570712B1B506700534B8A /* NanumGothic-Regular.ttf in Resources */,
			);
			runOnlyForDeploymentPostprocessing = 0;
		};
/* End PBXResourcesBuildPhase section */

/* Begin PBXSourcesBuildPhase section */
		CF006E842B19C532006EEC66 /* Sources */ = {
			isa = PBXSourcesBuildPhase;
			buildActionMask = 2147483647;
			files = (
				CF006E9E2B19D007006EEC66 /* BookContentsRepository.swift in Sources */,
				CFC4A51E2B1C1A810092E2D9 /* Colors.swift in Sources */,
				CF006E8E2B19C532006EEC66 /* ContentView.swift in Sources */,
				CF006E9C2B19CFC3006EEC66 /* BookContent.swift in Sources */,
				CF006E8C2B19C532006EEC66 /* SwiftUI_30_Days_AppApp.swift in Sources */,
				CFD5706C2B1B470B00534B8A /* BookContentScreen.swift in Sources */,
			);
			runOnlyForDeploymentPostprocessing = 0;
		};
/* End PBXSourcesBuildPhase section */

/* Begin XCBuildConfiguration section */
		CF006E942B19C533006EEC66 /* Debug */ = {
			isa = XCBuildConfiguration;
			buildSettings = {
				ALWAYS_SEARCH_USER_PATHS = NO;
				ASSETCATALOG_COMPILER_GENERATE_SWIFT_ASSET_SYMBOL_EXTENSIONS = YES;
				CLANG_ANALYZER_NONNULL = YES;
				CLANG_ANALYZER_NUMBER_OBJECT_CONVERSION = YES_AGGRESSIVE;
				CLANG_CXX_LANGUAGE_STANDARD = "gnu++20";
				CLANG_ENABLE_MODULES = YES;
				CLANG_ENABLE_OBJC_ARC = YES;
				CLANG_ENABLE_OBJC_WEAK = YES;
				CLANG_WARN_BLOCK_CAPTURE_AUTORELEASING = YES;
				CLANG_WARN_BOOL_CONVERSION = YES;
				CLANG_WARN_COMMA = YES;
				CLANG_WARN_CONSTANT_CONVERSION = YES;
				CLANG_WARN_DEPRECATED_OBJC_IMPLEMENTATIONS = YES;
				CLANG_WARN_DIRECT_OBJC_ISA_USAGE = YES_ERROR;
				CLANG_WARN_DOCUMENTATION_COMMENTS = YES;
				CLANG_WARN_EMPTY_BODY = YES;
				CLANG_WARN_ENUM_CONVERSION = YES;
				CLANG_WARN_INFINITE_RECURSION = YES;
				CLANG_WARN_INT_CONVERSION = YES;
				CLANG_WARN_NON_LITERAL_NULL_CONVERSION = YES;
				CLANG_WARN_OBJC_IMPLICIT_RETAIN_SELF = YES;
				CLANG_WARN_OBJC_LITERAL_CONVERSION = YES;
				CLANG_WARN_OBJC_ROOT_CLASS = YES_ERROR;
				CLANG_WARN_QUOTED_INCLUDE_IN_FRAMEWORK_HEADER = YES;
				CLANG_WARN_RANGE_LOOP_ANALYSIS = YES;
				CLANG_WARN_STRICT_PROTOTYPES = YES;
				CLANG_WARN_SUSPICIOUS_MOVE = YES;
				CLANG_WARN_UNGUARDED_AVAILABILITY = YES_AGGRESSIVE;
				CLANG_WARN_UNREACHABLE_CODE = YES;
				CLANG_WARN__DUPLICATE_METHOD_MATCH = YES;
				COPY_PHASE_STRIP = NO;
				DEBUG_INFORMATION_FORMAT = dwarf;
				ENABLE_STRICT_OBJC_MSGSEND = YES;
				ENABLE_TESTABILITY = YES;
				ENABLE_USER_SCRIPT_SANDBOXING = YES;
				GCC_C_LANGUAGE_STANDARD = gnu17;
				GCC_DYNAMIC_NO_PIC = NO;
				GCC_NO_COMMON_BLOCKS = YES;
				GCC_OPTIMIZATION_LEVEL = 0;
				GCC_PREPROCESSOR_DEFINITIONS = (
					"DEBUG=1",
					"$(inherited)",
				);
				GCC_WARN_64_TO_32_BIT_CONVERSION = YES;
				GCC_WARN_ABOUT_RETURN_TYPE = YES_ERROR;
				GCC_WARN_UNDECLARED_SELECTOR = YES;
				GCC_WARN_UNINITIALIZED_AUTOS = YES_AGGRESSIVE;
				GCC_WARN_UNUSED_FUNCTION = YES;
				GCC_WARN_UNUSED_VARIABLE = YES;
				IPHONEOS_DEPLOYMENT_TARGET = 17.0;
				LOCALIZATION_PREFERS_STRING_CATALOGS = YES;
				MTL_ENABLE_DEBUG_INFO = INCLUDE_SOURCE;
				MTL_FAST_MATH = YES;
				ONLY_ACTIVE_ARCH = YES;
				SDKROOT = iphoneos;
				SWIFT_ACTIVE_COMPILATION_CONDITIONS = "DEBUG $(inherited)";
				SWIFT_OPTIMIZATION_LEVEL = "-Onone";
			};
			name = Debug;
		};
		CF006E952B19C533006EEC66 /* Release */ = {
			isa = XCBuildConfiguration;
			buildSettings = {
				ALWAYS_SEARCH_USER_PATHS = NO;
				ASSETCATALOG_COMPILER_GENERATE_SWIFT_ASSET_SYMBOL_EXTENSIONS = YES;
				CLANG_ANALYZER_NONNULL = YES;
				CLANG_ANALYZER_NUMBER_OBJECT_CONVERSION = YES_AGGRESSIVE;
				CLANG_CXX_LANGUAGE_STANDARD = "gnu++20";
				CLANG_ENABLE_MODULES = YES;
				CLANG_ENABLE_OBJC_ARC = YES;
				CLANG_ENABLE_OBJC_WEAK = YES;
				CLANG_WARN_BLOCK_CAPTURE_AUTORELEASING = YES;
				CLANG_WARN_BOOL_CONVERSION = YES;
				CLANG_WARN_COMMA = YES;
				CLANG_WARN_CONSTANT_CONVERSION = YES;
				CLANG_WARN_DEPRECATED_OBJC_IMPLEMENTATIONS = YES;
				CLANG_WARN_DIRECT_OBJC_ISA_USAGE = YES_ERROR;
				CLANG_WARN_DOCUMENTATION_COMMENTS = YES;
				CLANG_WARN_EMPTY_BODY = YES;
				CLANG_WARN_ENUM_CONVERSION = YES;
				CLANG_WARN_INFINITE_RECURSION = YES;
				CLANG_WARN_INT_CONVERSION = YES;
				CLANG_WARN_NON_LITERAL_NULL_CONVERSION = YES;
				CLANG_WARN_OBJC_IMPLICIT_RETAIN_SELF = YES;
				CLANG_WARN_OBJC_LITERAL_CONVERSION = YES;
				CLANG_WARN_OBJC_ROOT_CLASS = YES_ERROR;
				CLANG_WARN_QUOTED_INCLUDE_IN_FRAMEWORK_HEADER = YES;
				CLANG_WARN_RANGE_LOOP_ANALYSIS = YES;
				CLANG_WARN_STRICT_PROTOTYPES = YES;
				CLANG_WARN_SUSPICIOUS_MOVE = YES;
				CLANG_WARN_UNGUARDED_AVAILABILITY = YES_AGGRESSIVE;
				CLANG_WARN_UNREACHABLE_CODE = YES;
				CLANG_WARN__DUPLICATE_METHOD_MATCH = YES;
				COPY_PHASE_STRIP = NO;
				DEBUG_INFORMATION_FORMAT = "dwarf-with-dsym";
				ENABLE_NS_ASSERTIONS = NO;
				ENABLE_STRICT_OBJC_MSGSEND = YES;
				ENABLE_USER_SCRIPT_SANDBOXING = YES;
				GCC_C_LANGUAGE_STANDARD = gnu17;
				GCC_NO_COMMON_BLOCKS = YES;
				GCC_WARN_64_TO_32_BIT_CONVERSION = YES;
				GCC_WARN_ABOUT_RETURN_TYPE = YES_ERROR;
				GCC_WARN_UNDECLARED_SELECTOR = YES;
				GCC_WARN_UNINITIALIZED_AUTOS = YES_AGGRESSIVE;
				GCC_WARN_UNUSED_FUNCTION = YES;
				GCC_WARN_UNUSED_VARIABLE = YES;
				IPHONEOS_DEPLOYMENT_TARGET = 17.0;
				LOCALIZATION_PREFERS_STRING_CATALOGS = YES;
				MTL_ENABLE_DEBUG_INFO = NO;
				MTL_FAST_MATH = YES;
				SDKROOT = iphoneos;
				SWIFT_COMPILATION_MODE = wholemodule;
				VALIDATE_PRODUCT = YES;
			};
			name = Release;
		};
		CF006E972B19C533006EEC66 /* Debug */ = {
			isa = XCBuildConfiguration;
			buildSettings = {
				ASSETCATALOG_COMPILER_APPICON_NAME = AppIcon;
				ASSETCATALOG_COMPILER_GLOBAL_ACCENT_COLOR_NAME = AccentColor;
				CODE_SIGN_STYLE = Automatic;
				CURRENT_PROJECT_VERSION = 1;
				DEVELOPMENT_ASSET_PATHS = "\"SwiftUI-30-Days-App/Preview Content\"";
				DEVELOPMENT_TEAM = 6H64278R9T;
				ENABLE_PREVIEWS = YES;
				GENERATE_INFOPLIST_FILE = YES;
				INFOPLIST_FILE = "SwiftUI-30-Days-App/Info.plist";
				INFOPLIST_KEY_UIApplicationSceneManifest_Generation = YES;
				INFOPLIST_KEY_UIApplicationSupportsIndirectInputEvents = YES;
				INFOPLIST_KEY_UILaunchScreen_Generation = YES;
				INFOPLIST_KEY_UISupportedInterfaceOrientations_iPad = "UIInterfaceOrientationPortrait UIInterfaceOrientationPortraitUpsideDown UIInterfaceOrientationLandscapeLeft UIInterfaceOrientationLandscapeRight";
				INFOPLIST_KEY_UISupportedInterfaceOrientations_iPhone = "UIInterfaceOrientationPortrait UIInterfaceOrientationLandscapeLeft UIInterfaceOrientationLandscapeRight";
				IPHONEOS_DEPLOYMENT_TARGET = 16.2;
				LD_RUNPATH_SEARCH_PATHS = (
					"$(inherited)",
					"@executable_path/Frameworks",
				);
				MARKETING_VERSION = 1.0;
				PRODUCT_BUNDLE_IDENTIFIER = "example.sample.SwiftUI-30-Days-App";
				PRODUCT_NAME = "$(TARGET_NAME)";
				SWIFT_EMIT_LOC_STRINGS = YES;
				SWIFT_VERSION = 5.0;
				TARGETED_DEVICE_FAMILY = "1,2";
			};
			name = Debug;
		};
		CF006E982B19C533006EEC66 /* Release */ = {
			isa = XCBuildConfiguration;
			buildSettings = {
				ASSETCATALOG_COMPILER_APPICON_NAME = AppIcon;
				ASSETCATALOG_COMPILER_GLOBAL_ACCENT_COLOR_NAME = AccentColor;
				CODE_SIGN_STYLE = Automatic;
				CURRENT_PROJECT_VERSION = 1;
				DEVELOPMENT_ASSET_PATHS = "\"SwiftUI-30-Days-App/Preview Content\"";
				DEVELOPMENT_TEAM = 6H64278R9T;
				ENABLE_PREVIEWS = YES;
				GENERATE_INFOPLIST_FILE = YES;
				INFOPLIST_FILE = "SwiftUI-30-Days-App/Info.plist";
				INFOPLIST_KEY_UIApplicationSceneManifest_Generation = YES;
				INFOPLIST_KEY_UIApplicationSupportsIndirectInputEvents = YES;
				INFOPLIST_KEY_UILaunchScreen_Generation = YES;
				INFOPLIST_KEY_UISupportedInterfaceOrientations_iPad = "UIInterfaceOrientationPortrait UIInterfaceOrientationPortraitUpsideDown UIInterfaceOrientationLandscapeLeft UIInterfaceOrientationLandscapeRight";
				INFOPLIST_KEY_UISupportedInterfaceOrientations_iPhone = "UIInterfaceOrientationPortrait UIInterfaceOrientationLandscapeLeft UIInterfaceOrientationLandscapeRight";
				IPHONEOS_DEPLOYMENT_TARGET = 16.2;
				LD_RUNPATH_SEARCH_PATHS = (
					"$(inherited)",
					"@executable_path/Frameworks",
				);
				MARKETING_VERSION = 1.0;
				PRODUCT_BUNDLE_IDENTIFIER = "example.sample.SwiftUI-30-Days-App";
				PRODUCT_NAME = "$(TARGET_NAME)";
				SWIFT_EMIT_LOC_STRINGS = YES;
				SWIFT_VERSION = 5.0;
				TARGETED_DEVICE_FAMILY = "1,2";
			};
			name = Release;
		};
/* End XCBuildConfiguration section */

/* Begin XCConfigurationList section */
		CF006E832B19C532006EEC66 /* Build configuration list for PBXProject "SwiftUI-30-Days-App" */ = {
			isa = XCConfigurationList;
			buildConfigurations = (
				CF006E942B19C533006EEC66 /* Debug */,
				CF006E952B19C533006EEC66 /* Release */,
			);
			defaultConfigurationIsVisible = 0;
			defaultConfigurationName = Release;
		};
		CF006E962B19C533006EEC66 /* Build configuration list for PBXNativeTarget "SwiftUI-30-Days-App" */ = {
			isa = XCConfigurationList;
			buildConfigurations = (
				CF006E972B19C533006EEC66 /* Debug */,
				CF006E982B19C533006EEC66 /* Release */,
			);
			defaultConfigurationIsVisible = 0;
			defaultConfigurationName = Release;
		};
/* End XCConfigurationList section */
	};
	rootObject = CF006E802B19C532006EEC66 /* Project object */;
}
